
Microsoft Visual Studio Solution File, Format Version 12.00
Project("{FAE04EC0-301F-11D3-BF4B-00C04F79EFBC}") = "GameServer.Domain", "GameServer.Domain\GameServer.Domain.csproj", "{AF4EB8A6-9457-4911-9313-954E989B90B8}"
EndProject
Project("{FAE04EC0-301F-11D3-BF4B-00C04F79EFBC}") = "GameServer.Abstractions", "GameServer.Abstractions\GameServer.Abstractions.csproj", "{20260CFF-2A9E-4E03-9130-E210EEF5BA5C}"
EndProject
Project("{FAE04EC0-301F-11D3-BF4B-00C04F79EFBC}") = "GameServer.Api.Rest", "GameServer.Api.Rest\GameServer.Api.Rest.csproj", "{97FFA337-BE92-494E-BE14-93F1AD6EF5F1}"
EndProject
Project("{FAE04EC0-301F-11D3-BF4B-00C04F79EFBC}") = "Domain.Contract", "..\Shared\Domain.Contract\Domain.Contract.csproj", "{4135927B-DAEC-48D1-B950-1D15D624D12C}"
EndProject
Global
	GlobalSection(SolutionConfigurationPlatforms) = preSolution
		Debug|Any CPU = Debug|Any CPU
		Release|Any CPU = Release|Any CPU
	EndGlobalSection
	GlobalSection(ProjectConfigurationPlatforms) = postSolution
		{AF4EB8A6-9457-4911-9313-954E989B90B8}.Debug|Any CPU.ActiveCfg = Debug|Any CPU
		{AF4EB8A6-9457-4911-9313-954E989B90B8}.Debug|Any CPU.Build.0 = Debug|Any CPU
		{AF4EB8A6-9457-4911-9313-954E989B90B8}.Release|Any CPU.ActiveCfg = Release|Any CPU
		{AF4EB8A6-9457-4911-9313-954E989B90B8}.Release|Any CPU.Build.0 = Release|Any CPU
		{20260CFF-2A9E-4E03-9130-E210EEF5BA5C}.Debug|Any CPU.ActiveCfg = Debug|Any CPU
		{20260CFF-2A9E-4E03-9130-E210EEF5BA5C}.Debug|Any CPU.Build.0 = Debug|Any CPU
		{20260CFF-2A9E-4E03-9130-E210EEF5BA5C}.Release|Any CPU.ActiveCfg = Release|Any CPU
		{20260CFF-2A9E-4E03-9130-E210EEF5BA5C}.Release|Any CPU.Build.0 = Release|Any CPU
		{97FFA337-BE92-494E-BE14-93F1AD6EF5F1}.Debug|Any CPU.ActiveCfg = Debug|Any CPU
		{97FFA337-BE92-494E-BE14-93F1AD6EF5F1}.Debug|Any CPU.Build.0 = Debug|Any CPU
		{97FFA337-BE92-494E-BE14-93F1AD6EF5F1}.Release|Any CPU.ActiveCfg = Release|Any CPU
		{97FFA337-BE92-494E-BE14-93F1AD6EF5F1}.Release|Any CPU.Build.0 = Release|Any CPU
		{4135927B-DAEC-48D1-B950-1D15D624D12C}.Debug|Any CPU.ActiveCfg = Debug|Any CPU
		{4135927B-DAEC-48D1-B950-1D15D624D12C}.Debug|Any CPU.Build.0 = Debug|Any CPU
		{4135927B-DAEC-48D1-B950-1D15D624D12C}.Release|Any CPU.ActiveCfg = Release|Any CPU
		{4135927B-DAEC-48D1-B950-1D15D624D12C}.Release|Any CPU.Build.0 = Release|Any CPU
	EndGlobalSection
EndGlobal
